
Microsoft Visual Studio Solution File, Format Version 12.00
# Visual Studio Express 2012 for Windows Desktop
Project("{FAE04EC0-301F-11D3-BF4B-00C04F79EFBC}") = "avrdudess", "avrdudess\avrdudess.csproj", "{B2875273-CDB9-4CCB-B93B-AF653CDB7D16}"
EndProject
Global
	GlobalSection(SolutionConfigurationPlatforms) = preSolution
		Debug|Any CPU = Debug|Any CPU
		Release|Any CPU = Release|Any CPU
	EndGlobalSection
	GlobalSection(ProjectConfigurationPlatforms) = postSolution
		{B2875273-CDB9-4CCB-B93B-AF653CDB7D16}.Debug|Any CPU.ActiveCfg = Debug|Any CPU
		{B2875273-CDB9-4CCB-B93B-AF653CDB7D16}.Debug|Any CPU.Build.0 = Debug|Any CPU
		{B2875273-CDB9-4CCB-B93B-AF653CDB7D16}.Release|Any CPU.ActiveCfg = Release|Any CPU
		{B2875273-CDB9-4CCB-B93B-AF653CDB7D16}.Release|Any CPU.Build.0 = Release|Any CPU
	EndGlobalSection
	GlobalSection(SolutionProperties) = preSolution
		HideSolutionNode = FALSE
	EndGlobalSection
EndGlobal
